
Microsoft Visual Studio Solution File, Format Version 12.00
# Visual Studio Version 17
VisualStudioVersion = 17.8.34330.188
MinimumVisualStudioVersion = 10.0.40219.1
Project("{FAE04EC0-301F-11D3-BF4B-00C04F79EFBC}") = "PRN221_GroupProjectBookParty", "PRN221_GroupProjectBookParty\PRN221_GroupProjectBookParty.csproj", "{7127B99C-E8BC-4ADA-A13A-D40701829908}"
EndProject
Project("{FAE04EC0-301F-11D3-BF4B-00C04F79EFBC}") = "BO", "BO\BO.csproj", "{A53DF3AD-3A0C-4595-B5F0-A317E6DFF852}"
EndProject
Project("{FAE04EC0-301F-11D3-BF4B-00C04F79EFBC}") = "DAO", "DAO\DAO.csproj", "{D555FB69-42E5-4BAC-8301-C2FCEFA20171}"
EndProject
Project("{FAE04EC0-301F-11D3-BF4B-00C04F79EFBC}") = "PartyRepository", "PartyRepository\PartyRepository.csproj", "{2EB12299-F44B-4DDB-BCF6-709D47122F44}"
EndProject
Project("{FAE04EC0-301F-11D3-BF4B-00C04F79EFBC}") = "PartyService", "PartyService\PartyService.csproj", "{0C390766-6EEC-4EF9-BF9E-F8557ACF2D0C}"
EndProject
Global
	GlobalSection(SolutionConfigurationPlatforms) = preSolution
		Debug|Any CPU = Debug|Any CPU
		Release|Any CPU = Release|Any CPU
	EndGlobalSection
	GlobalSection(ProjectConfigurationPlatforms) = postSolution
		{7127B99C-E8BC-4ADA-A13A-D40701829908}.Debug|Any CPU.ActiveCfg = Debug|Any CPU
		{7127B99C-E8BC-4ADA-A13A-D40701829908}.Debug|Any CPU.Build.0 = Debug|Any CPU
		{7127B99C-E8BC-4ADA-A13A-D40701829908}.Release|Any CPU.ActiveCfg = Release|Any CPU
		{7127B99C-E8BC-4ADA-A13A-D40701829908}.Release|Any CPU.Build.0 = Release|Any CPU
		{A53DF3AD-3A0C-4595-B5F0-A317E6DFF852}.Debug|Any CPU.ActiveCfg = Debug|Any CPU
		{A53DF3AD-3A0C-4595-B5F0-A317E6DFF852}.Debug|Any CPU.Build.0 = Debug|Any CPU
		{A53DF3AD-3A0C-4595-B5F0-A317E6DFF852}.Release|Any CPU.ActiveCfg = Release|Any CPU
		{A53DF3AD-3A0C-4595-B5F0-A317E6DFF852}.Release|Any CPU.Build.0 = Release|Any CPU
		{D555FB69-42E5-4BAC-8301-C2FCEFA20171}.Debug|Any CPU.ActiveCfg = Debug|Any CPU
		{D555FB69-42E5-4BAC-8301-C2FCEFA20171}.Debug|Any CPU.Build.0 = Debug|Any CPU
		{D555FB69-42E5-4BAC-8301-C2FCEFA20171}.Release|Any CPU.ActiveCfg = Release|Any CPU
		{D555FB69-42E5-4BAC-8301-C2FCEFA20171}.Release|Any CPU.Build.0 = Release|Any CPU
		{2EB12299-F44B-4DDB-BCF6-709D47122F44}.Debug|Any CPU.ActiveCfg = Debug|Any CPU
		{2EB12299-F44B-4DDB-BCF6-709D47122F44}.Debug|Any CPU.Build.0 = Debug|Any CPU
		{2EB12299-F44B-4DDB-BCF6-709D47122F44}.Release|Any CPU.ActiveCfg = Release|Any CPU
		{2EB12299-F44B-4DDB-BCF6-709D47122F44}.Release|Any CPU.Build.0 = Release|Any CPU
		{0C390766-6EEC-4EF9-BF9E-F8557ACF2D0C}.Debug|Any CPU.ActiveCfg = Debug|Any CPU
		{0C390766-6EEC-4EF9-BF9E-F8557ACF2D0C}.Debug|Any CPU.Build.0 = Debug|Any CPU
		{0C390766-6EEC-4EF9-BF9E-F8557ACF2D0C}.Release|Any CPU.ActiveCfg = Release|Any CPU
		{0C390766-6EEC-4EF9-BF9E-F8557ACF2D0C}.Release|Any CPU.Build.0 = Release|Any CPU
	EndGlobalSection
	GlobalSection(SolutionProperties) = preSolution
		HideSolutionNode = FALSE
	EndGlobalSection
	GlobalSection(ExtensibilityGlobals) = postSolution
		SolutionGuid = {FC6C0DC0-31E3-4E91-9090-F3C82F0D700C}
	EndGlobalSection
EndGlobal
